Microsoft Visual Studio Solution File, Format Version 12.00
# Visual Studio Version 18
VisualStudioVersion = 18.0.11217.181
MinimumVisualStudioVersion = 10.0.40219.1
Project("{FAE04EC0-301F-11D3-BF4B-00C04F79EFBC}") = "WarcraftBattle", "WarcraftBattle\WarcraftBattle.csproj", "{524F270B-7325-DE1B-9F64-64CD6D7F52C0}"
EndProject
Project("{FAE04EC0-301F-11D3-BF4B-00C04F79EFBC}") = "WarcraftBattle.Shared", "WarcraftBattle.Shared\WarcraftBattle.Shared.csproj", "{1F5E231A-2818-B5A7-EEEE-5C330D3D2810}"
EndProject
Global
	GlobalSection(SolutionConfigurationPlatforms) = preSolution
		Debug|Any CPU = Debug|Any CPU
		Release|Any CPU = Release|Any CPU
	EndGlobalSection
	GlobalSection(ProjectConfigurationPlatforms) = postSolution
		{524F270B-7325-DE1B-9F64-64CD6D7F52C0}.Debug|Any CPU.ActiveCfg = Debug|Any CPU
		{524F270B-7325-DE1B-9F64-64CD6D7F52C0}.Debug|Any CPU.Build.0 = Debug|Any CPU
		{524F270B-7325-DE1B-9F64-64CD6D7F52C0}.Release|Any CPU.ActiveCfg = Release|Any CPU
		{524F270B-7325-DE1B-9F64-64CD6D7F52C0}.Release|Any CPU.Build.0 = Release|Any CPU
		{1F5E231A-2818-B5A7-EEEE-5C330D3D2810}.Debug|Any CPU.ActiveCfg = Debug|Any CPU
		{1F5E231A-2818-B5A7-EEEE-5C330D3D2810}.Debug|Any CPU.Build.0 = Debug|Any CPU
		{1F5E231A-2818-B5A7-EEEE-5C330D3D2810}.Release|Any CPU.ActiveCfg = Release|Any CPU
		{1F5E231A-2818-B5A7-EEEE-5C330D3D2810}.Release|Any CPU.Build.0 = Release|Any CPU
	EndGlobalSection
	GlobalSection(SolutionProperties) = preSolution
		HideSolutionNode = FALSE
	EndGlobalSection
	GlobalSection(ExtensibilityGlobals) = postSolution
		SolutionGuid = {432A7254-C9B4-44B5-BFBD-E40520147D29}
	EndGlobalSection
EndGlobal
